
Microsoft Visual Studio Solution File, Format Version 12.00
# Visual Studio Version 17
VisualStudioVersion = 17.0.31710.8
MinimumVisualStudioVersion = 10.0.40219.1
Project("{2150E333-8FDC-42A3-9474-1A3956D46DE8}") = "Core", "Core", "{9BA25F80-1EC5-4C58-8D71-B9A71BC19829}"
EndProject
Project("{2150E333-8FDC-42A3-9474-1A3956D46DE8}") = "Infrastructure", "Infrastructure", "{B5B5385D-C7AA-45A3-8808-CEAA93BE008E}"
EndProject
Project("{2150E333-8FDC-42A3-9474-1A3956D46DE8}") = "Persistance", "Persistance", "{6FD707E8-2FED-459E-9710-12B62FB7480D}"
EndProject
Project("{2150E333-8FDC-42A3-9474-1A3956D46DE8}") = "Presentation", "Presentation", "{874EC90E-1646-4E1A-B176-FBEAE21DAF0B}"
EndProject
Project("{2150E333-8FDC-42A3-9474-1A3956D46DE8}") = "src", "src", "{CADFD227-E6AF-414B-B60C-B74A5DCEAD85}"
EndProject
Project("{2150E333-8FDC-42A3-9474-1A3956D46DE8}") = "test", "test", "{D092D7BF-4009-47FB-A5C9-CC8FD8851443}"
EndProject
Project("{9A19103F-16F7-4668-BE54-9A1E7A4F7556}") = "TestProject1", "test\TestProject1\TestProject1.csproj", "{5F6800F0-D3E7-4B9C-B8D6-91B9A3A84713}"
EndProject
Project("{9A19103F-16F7-4668-BE54-9A1E7A4F7556}") = "BookStore.Data", "src\BookStore.Data\BookStore.Data.csproj", "{5A5A8B92-3EAC-47E3-8B8B-55B365F89222}"
EndProject
Project("{9A19103F-16F7-4668-BE54-9A1E7A4F7556}") = "BookStore.Domain", "src\BookStore.Domain\BookStore.Domain.csproj", "{1AEDE24B-3027-423A-B370-CC0FD363A273}"
EndProject
Project("{9A19103F-16F7-4668-BE54-9A1E7A4F7556}") = "BookStore.Application", "src\BookStore.Application\BookStore.Application.csproj", "{2801B2FD-30F2-4C5E-A9E0-B519490F8E7E}"
EndProject
Project("{FAE04EC0-301F-11D3-BF4B-00C04F79EFBC}") = "BookStore.Services", "BookStore.Services\BookStore.Services.csproj", "{E9A97170-DB5E-46AD-AA76-AD379F4FA73B}"
EndProject
Global
	GlobalSection(SolutionConfigurationPlatforms) = preSolution
		Debug|Any CPU = Debug|Any CPU
		Release|Any CPU = Release|Any CPU
	EndGlobalSection
	GlobalSection(ProjectConfigurationPlatforms) = postSolution
		{5F6800F0-D3E7-4B9C-B8D6-91B9A3A84713}.Debug|Any CPU.ActiveCfg = Debug|Any CPU
		{5F6800F0-D3E7-4B9C-B8D6-91B9A3A84713}.Debug|Any CPU.Build.0 = Debug|Any CPU
		{5F6800F0-D3E7-4B9C-B8D6-91B9A3A84713}.Release|Any CPU.ActiveCfg = Release|Any CPU
		{5F6800F0-D3E7-4B9C-B8D6-91B9A3A84713}.Release|Any CPU.Build.0 = Release|Any CPU
		{5A5A8B92-3EAC-47E3-8B8B-55B365F89222}.Debug|Any CPU.ActiveCfg = Debug|Any CPU
		{5A5A8B92-3EAC-47E3-8B8B-55B365F89222}.Debug|Any CPU.Build.0 = Debug|Any CPU
		{5A5A8B92-3EAC-47E3-8B8B-55B365F89222}.Release|Any CPU.ActiveCfg = Release|Any CPU
		{5A5A8B92-3EAC-47E3-8B8B-55B365F89222}.Release|Any CPU.Build.0 = Release|Any CPU
		{1AEDE24B-3027-423A-B370-CC0FD363A273}.Debug|Any CPU.ActiveCfg = Debug|Any CPU
		{1AEDE24B-3027-423A-B370-CC0FD363A273}.Debug|Any CPU.Build.0 = Debug|Any CPU
		{1AEDE24B-3027-423A-B370-CC0FD363A273}.Release|Any CPU.ActiveCfg = Release|Any CPU
		{1AEDE24B-3027-423A-B370-CC0FD363A273}.Release|Any CPU.Build.0 = Release|Any CPU
		{2801B2FD-30F2-4C5E-A9E0-B519490F8E7E}.Debug|Any CPU.ActiveCfg = Debug|Any CPU
		{2801B2FD-30F2-4C5E-A9E0-B519490F8E7E}.Debug|Any CPU.Build.0 = Debug|Any CPU
		{2801B2FD-30F2-4C5E-A9E0-B519490F8E7E}.Release|Any CPU.ActiveCfg = Release|Any CPU
		{2801B2FD-30F2-4C5E-A9E0-B519490F8E7E}.Release|Any CPU.Build.0 = Release|Any CPU
		{E9A97170-DB5E-46AD-AA76-AD379F4FA73B}.Debug|Any CPU.ActiveCfg = Debug|Any CPU
		{E9A97170-DB5E-46AD-AA76-AD379F4FA73B}.Debug|Any CPU.Build.0 = Debug|Any CPU
		{E9A97170-DB5E-46AD-AA76-AD379F4FA73B}.Release|Any CPU.ActiveCfg = Release|Any CPU
		{E9A97170-DB5E-46AD-AA76-AD379F4FA73B}.Release|Any CPU.Build.0 = Release|Any CPU
	EndGlobalSection
	GlobalSection(SolutionProperties) = preSolution
		HideSolutionNode = FALSE
	EndGlobalSection
	GlobalSection(NestedProjects) = preSolution
		{9BA25F80-1EC5-4C58-8D71-B9A71BC19829} = {CADFD227-E6AF-414B-B60C-B74A5DCEAD85}
		{B5B5385D-C7AA-45A3-8808-CEAA93BE008E} = {CADFD227-E6AF-414B-B60C-B74A5DCEAD85}
		{6FD707E8-2FED-459E-9710-12B62FB7480D} = {CADFD227-E6AF-414B-B60C-B74A5DCEAD85}
		{874EC90E-1646-4E1A-B176-FBEAE21DAF0B} = {CADFD227-E6AF-414B-B60C-B74A5DCEAD85}
		{5F6800F0-D3E7-4B9C-B8D6-91B9A3A84713} = {D092D7BF-4009-47FB-A5C9-CC8FD8851443}
		{5A5A8B92-3EAC-47E3-8B8B-55B365F89222} = {6FD707E8-2FED-459E-9710-12B62FB7480D}
		{1AEDE24B-3027-423A-B370-CC0FD363A273} = {9BA25F80-1EC5-4C58-8D71-B9A71BC19829}
		{2801B2FD-30F2-4C5E-A9E0-B519490F8E7E} = {9BA25F80-1EC5-4C58-8D71-B9A71BC19829}
		{E9A97170-DB5E-46AD-AA76-AD379F4FA73B} = {B5B5385D-C7AA-45A3-8808-CEAA93BE008E}
	EndGlobalSection
	GlobalSection(ExtensibilityGlobals) = postSolution
		SolutionGuid = {D927AC1F-0A24-4D77-8EDA-A0A1471E63EB}
	EndGlobalSection
EndGlobal
